<?xml version="1.0" encoding="utf-8"?>
<Project ToolsVersion="4.0" xmlns="http://schemas.microsoft.com/developer/msbuild/2003">
  <ItemGroup>
    <Filter Include="Source Files">
      <UniqueIdentifier>{4FC737F1-C7A5-4376-A066-2A32D752A2FF}</UniqueIdentifier>
      <Extensions>cpp;c;cc;cxx;c++;cppm;ixx;def;odl;idl;hpj;bat;asm;asmx</Extensions>
    </Filter>
    <Filter Include="Header Files">
      <UniqueIdentifier>{93995380-89BD-4b04-88EB-625FBE52EBFB}</UniqueIdentifier>
      <Extensions>h;hh;hpp;hxx;h++;hm;inl;inc;ipp;xsd</Extensions>
    </Filter>
    <Filter Include="Resource Files">
      <UniqueIdentifier>{67DA6AB6-F800-4c08-8B7A-83BB121AAD01}</UniqueIdentifier>
      <Extensions>rc;ico;cur;bmp;dlg;rc2;rct;bin;rgs;gif;jpg;jpeg;jpe;resx;tiff;tif;png;wav;mfcribbon-ms</Extensions>
    </Filter>
  </ItemGroup>
  <ItemGroup>
    <ClCompile Include="multidim_opt.cpp">
      <Filter>Source Files</Filter>
    </ClCompile>
    <ClCompile Include="opt_method.cpp">
      <Filter>Source Files</Filter>
    </ClCompile>
    <ClCompile Include="fletcher_reeves.cpp">
      <Filter>Source Files</Filter>
    </ClCompile>
    <ClCompile Include="vector_operations.cpp">
      <Filter>Source Files</Filter>
    </ClCompile>
    <ClCompile Include="SingletonGenerator.cpp">
      <Filter>Source Files</Filter>
    </ClCompile>
    <ClCompile Include="opt_function.cpp">
      <Filter>Source Files</Filter>
    </ClCompile>
    <ClCompile Include="sq_sum.cpp">
      <Filter>Source Files</Filter>
    </ClCompile>
    <ClCompile Include="stop_crit.cpp">
      <Filter>Source Files</Filter>
    </ClCompile>
    <ClCompile Include="x_crit.cpp">
      <Filter>Source Files</Filter>
    </ClCompile>
    <ClCompile Include="opt_area.cpp">
      <Filter>Source Files</Filter>
    </ClCompile>
    <ClCompile Include="parallel.cpp">
      <Filter>Source Files</Filter>
    </ClCompile>
    <ClCompile Include="f_crit.cpp">
      <Filter>Source Files</Filter>
    </ClCompile>
    <ClCompile Include="grad_crit.cpp">
      <Filter>Source Files</Filter>
    </ClCompile>
    <ClCompile Include="random_search.cpp">
      <Filter>Source Files</Filter>
    </ClCompile>
    <ClCompile Include="iter_ctrit.cpp">
      <Filter>Source Files</Filter>
    </ClCompile>
    <ClCompile Include="f_3dim.cpp">
      <Filter>Source Files</Filter>
    </ClCompile>
    <ClCompile Include="f_4dim.cpp">
      <Filter>Source Files</Filter>
    </ClCompile>
    <ClCompile Include="rosenbrok_f.cpp">
      <Filter>Source Files</Filter>
    </ClCompile>
  </ItemGroup>
  <ItemGroup>
    <ClInclude Include="opt_method.h">
      <Filter>Header Files</Filter>
    </ClInclude>
    <ClInclude Include="fletcher_reeves.h">
      <Filter>Header Files</Filter>
    </ClInclude>
    <ClInclude Include="vector_operations.h">
      <Filter>Header Files</Filter>
    </ClInclude>
    <ClInclude Include="SingletonGenerator.h">
      <Filter>Header Files</Filter>
    </ClInclude>
    <ClInclude Include="opt_function.h">
      <Filter>Header Files</Filter>
    </ClInclude>
    <ClInclude Include="sq_sum.h">
      <Filter>Header Files</Filter>
    </ClInclude>
    <ClInclude Include="stop_crit.h">
      <Filter>Header Files</Filter>
    </ClInclude>
    <ClInclude Include="x_crit.h">
      <Filter>Header Files</Filter>
    </ClInclude>
    <ClInclude Include="sup_struct.h">
      <Filter>Header Files</Filter>
    </ClInclude>
    <ClInclude Include="opt_area.h">
      <Filter>Header Files</Filter>
    </ClInclude>
    <ClInclude Include="parallel.h">
      <Filter>Header Files</Filter>
    </ClInclude>
    <ClInclude Include="f_crit.h">
      <Filter>Header Files</Filter>
    </ClInclude>
    <ClInclude Include="grad_crit.h">
      <Filter>Header Files</Filter>
    </ClInclude>
    <ClInclude Include="random_search.h">
      <Filter>Header Files</Filter>
    </ClInclude>
    <ClInclude Include="iter_ctrit.h">
      <Filter>Header Files</Filter>
    </ClInclude>
    <ClInclude Include="f_3dim.h">
      <Filter>Header Files</Filter>
    </ClInclude>
    <ClInclude Include="f_4dim.h">
      <Filter>Header Files</Filter>
    </ClInclude>
    <ClInclude Include="rosenbrok_f.h">
      <Filter>Header Files</Filter>
    </ClInclude>
  </ItemGroup>
</Project>